
Microsoft Visual Studio Solution File, Format Version 12.00
Project("{FAE04EC0-301F-11D3-BF4B-00C04F79EFBC}") = "GameOfLife.Server", "GameOfLife.Server\GameOfLife.Server.csproj", "{A9BB1AD9-2269-4D64-AE92-3B6E60746160}"
EndProject
Project("{FAE04EC0-301F-11D3-BF4B-00C04F79EFBC}") = "GameOfLife.Logic", "GameOfLife.Logic\GameOfLife.Logic.csproj", "{3A9648FE-4E9A-4EB6-931D-84FA51C2D7C0}"
EndProject
Project("{FAE04EC0-301F-11D3-BF4B-00C04F79EFBC}") = "GameOfLife.Logic.Test", "GameOfLife.Logic.Test\GameOfLife.Logic.Test.csproj", "{9CB32413-81D6-4527-A6B6-076D5E897843}"
EndProject
Project("{2150E333-8FDC-42A3-9474-1A3956D46DE8}") = "Solution Items", "Solution Items", "{5A99D34E-A3BC-4D57-8F49-FF42D6BE27A9}"
	ProjectSection(SolutionItems) = preProject
		compose.yaml = compose.yaml
		README.md = README.md
	EndProjectSection
EndProject
Global
	GlobalSection(SolutionConfigurationPlatforms) = preSolution
		Debug|Any CPU = Debug|Any CPU
		Release|Any CPU = Release|Any CPU
	EndGlobalSection
	GlobalSection(ProjectConfigurationPlatforms) = postSolution
		{A9BB1AD9-2269-4D64-AE92-3B6E60746160}.Debug|Any CPU.ActiveCfg = Debug|Any CPU
		{A9BB1AD9-2269-4D64-AE92-3B6E60746160}.Debug|Any CPU.Build.0 = Debug|Any CPU
		{A9BB1AD9-2269-4D64-AE92-3B6E60746160}.Release|Any CPU.ActiveCfg = Release|Any CPU
		{A9BB1AD9-2269-4D64-AE92-3B6E60746160}.Release|Any CPU.Build.0 = Release|Any CPU
		{3A9648FE-4E9A-4EB6-931D-84FA51C2D7C0}.Debug|Any CPU.ActiveCfg = Debug|Any CPU
		{3A9648FE-4E9A-4EB6-931D-84FA51C2D7C0}.Debug|Any CPU.Build.0 = Debug|Any CPU
		{3A9648FE-4E9A-4EB6-931D-84FA51C2D7C0}.Release|Any CPU.ActiveCfg = Release|Any CPU
		{3A9648FE-4E9A-4EB6-931D-84FA51C2D7C0}.Release|Any CPU.Build.0 = Release|Any CPU
		{9CB32413-81D6-4527-A6B6-076D5E897843}.Debug|Any CPU.ActiveCfg = Debug|Any CPU
		{9CB32413-81D6-4527-A6B6-076D5E897843}.Debug|Any CPU.Build.0 = Debug|Any CPU
		{9CB32413-81D6-4527-A6B6-076D5E897843}.Release|Any CPU.ActiveCfg = Release|Any CPU
		{9CB32413-81D6-4527-A6B6-076D5E897843}.Release|Any CPU.Build.0 = Release|Any CPU
	EndGlobalSection
	GlobalSection(NestedProjects) = preSolution
	EndGlobalSection
EndGlobal
